
Microsoft Visual Studio Solution File, Format Version 12.00
# Visual Studio Version 17
VisualStudioVersion = 17.2.32516.85
MinimumVisualStudioVersion = 10.0.40219.1
Project("{FAE04EC0-301F-11D3-BF4B-00C04F79EFBC}") = "Wagebat", "Wagebat\Wagebat.csproj", "{3DD25AAE-88EF-4E8D-B0EB-A973D2BBB50C}"
EndProject
Global
	GlobalSection(SolutionConfigurationPlatforms) = preSolution
		Debug|Any CPU = Debug|Any CPU
		Release|Any CPU = Release|Any CPU
	EndGlobalSection
	GlobalSection(ProjectConfigurationPlatforms) = postSolution
		{3DD25AAE-88EF-4E8D-B0EB-A973D2BBB50C}.Debug|Any CPU.ActiveCfg = Debug|Any CPU
		{3DD25AAE-88EF-4E8D-B0EB-A973D2BBB50C}.Debug|Any CPU.Build.0 = Debug|Any CPU
		{3DD25AAE-88EF-4E8D-B0EB-A973D2BBB50C}.Release|Any CPU.ActiveCfg = Release|Any CPU
		{3DD25AAE-88EF-4E8D-B0EB-A973D2BBB50C}.Release|Any CPU.Build.0 = Release|Any CPU
	EndGlobalSection
	GlobalSection(SolutionProperties) = preSolution
		HideSolutionNode = FALSE
	EndGlobalSection
	GlobalSection(ExtensibilityGlobals) = postSolution
		SolutionGuid = {8E6583F3-802D-40FD-BE49-C2D9B7FE9316}
	EndGlobalSection
EndGlobal
